
Microsoft Visual Studio Solution File, Format Version 12.00
Project("{FAE04EC0-301F-11D3-BF4B-00C04F79EFBC}") = "winledstrip", "winledstrip\winledstrip.csproj", "{AD1F2B4A-C741-4036-820F-0A0C95BE28C4}"
EndProject
Global
	GlobalSection(SolutionConfigurationPlatforms) = preSolution
		Debug|Any CPU = Debug|Any CPU
		Release|Any CPU = Release|Any CPU
	EndGlobalSection
	GlobalSection(ProjectConfigurationPlatforms) = postSolution
		{AD1F2B4A-C741-4036-820F-0A0C95BE28C4}.Debug|Any CPU.ActiveCfg = Debug|Any CPU
		{AD1F2B4A-C741-4036-820F-0A0C95BE28C4}.Debug|Any CPU.Build.0 = Debug|Any CPU
		{AD1F2B4A-C741-4036-820F-0A0C95BE28C4}.Release|Any CPU.ActiveCfg = Release|Any CPU
		{AD1F2B4A-C741-4036-820F-0A0C95BE28C4}.Release|Any CPU.Build.0 = Release|Any CPU
	EndGlobalSection
EndGlobal
